
Microsoft Visual Studio Solution File, Format Version 12.00
# Visual Studio 15
VisualStudioVersion = 15.0.28307.329
MinimumVisualStudioVersion = 10.0.40219.1
Project("{FAE04EC0-301F-11D3-BF4B-00C04F79EFBC}") = "CBS.005", "CBS.005\CBS.005.csproj", "{47F49D4C-1F18-4BB7-AC01-AB44ECACAFEA}"
EndProject
Global
	GlobalSection(SolutionConfigurationPlatforms) = preSolution
		Debug|Any CPU = Debug|Any CPU
		Release|Any CPU = Release|Any CPU
	EndGlobalSection
	GlobalSection(ProjectConfigurationPlatforms) = postSolution
		{47F49D4C-1F18-4BB7-AC01-AB44ECACAFEA}.Debug|Any CPU.ActiveCfg = Debug|Any CPU
		{47F49D4C-1F18-4BB7-AC01-AB44ECACAFEA}.Debug|Any CPU.Build.0 = Debug|Any CPU
		{47F49D4C-1F18-4BB7-AC01-AB44ECACAFEA}.Release|Any CPU.ActiveCfg = Release|Any CPU
		{47F49D4C-1F18-4BB7-AC01-AB44ECACAFEA}.Release|Any CPU.Build.0 = Release|Any CPU
	EndGlobalSection
	GlobalSection(SolutionProperties) = preSolution
		HideSolutionNode = FALSE
	EndGlobalSection
	GlobalSection(ExtensibilityGlobals) = postSolution
		SolutionGuid = {C584B27C-90B1-43C2-9E66-186E157E7669}
	EndGlobalSection
EndGlobal
